
Microsoft Visual Studio Solution File, Format Version 12.00
# Visual Studio 15
Project("{FAE04EC0-301F-11D3-BF4B-00C04F79EFBC}") = "SyncFusionTest.Android", "SyncFusionTest.Android\SyncFusionTest.Android.csproj", "{0B317885-08CA-48C6-BA4E-CE86AFF4552C}"
EndProject
Project("{FAE04EC0-301F-11D3-BF4B-00C04F79EFBC}") = "SyncFusionTest.iOS", "SyncFusionTest.iOS\SyncFusionTest.iOS.csproj", "{20321AF0-0042-4D3A-B8DE-4B619CAF542A}"
EndProject
Project("{FAE04EC0-301F-11D3-BF4B-00C04F79EFBC}") = "SyncFusionTest", "SyncFusionTest\SyncFusionTest.csproj", "{28929B01-8BAB-45E4-89E5-3B6A701F6A7D}"
EndProject
Global
	GlobalSection(SolutionConfigurationPlatforms) = preSolution
		Debug|Any CPU = Debug|Any CPU
		Release|Any CPU = Release|Any CPU
		Debug|iPhoneSimulator = Debug|iPhoneSimulator
		Release|iPhoneSimulator = Release|iPhoneSimulator
		Debug|iPhone = Debug|iPhone
		Release|iPhone = Release|iPhone
	EndGlobalSection
	GlobalSection(ProjectConfigurationPlatforms) = postSolution
		{0B317885-08CA-48C6-BA4E-CE86AFF4552C}.Debug|Any CPU.ActiveCfg = Debug|Any CPU
		{0B317885-08CA-48C6-BA4E-CE86AFF4552C}.Debug|Any CPU.Build.0 = Debug|Any CPU
		{0B317885-08CA-48C6-BA4E-CE86AFF4552C}.Release|Any CPU.ActiveCfg = Release|Any CPU
		{0B317885-08CA-48C6-BA4E-CE86AFF4552C}.Release|Any CPU.Build.0 = Release|Any CPU
		{0B317885-08CA-48C6-BA4E-CE86AFF4552C}.Debug|iPhoneSimulator.ActiveCfg = Debug|Any CPU
		{0B317885-08CA-48C6-BA4E-CE86AFF4552C}.Debug|iPhoneSimulator.Build.0 = Debug|Any CPU
		{0B317885-08CA-48C6-BA4E-CE86AFF4552C}.Release|iPhoneSimulator.ActiveCfg = Release|Any CPU
		{0B317885-08CA-48C6-BA4E-CE86AFF4552C}.Release|iPhoneSimulator.Build.0 = Release|Any CPU
		{0B317885-08CA-48C6-BA4E-CE86AFF4552C}.Debug|iPhone.ActiveCfg = Debug|Any CPU
		{0B317885-08CA-48C6-BA4E-CE86AFF4552C}.Debug|iPhone.Build.0 = Debug|Any CPU
		{0B317885-08CA-48C6-BA4E-CE86AFF4552C}.Release|iPhone.ActiveCfg = Release|Any CPU
		{0B317885-08CA-48C6-BA4E-CE86AFF4552C}.Release|iPhone.Build.0 = Release|Any CPU
		{20321AF0-0042-4D3A-B8DE-4B619CAF542A}.Debug|Any CPU.ActiveCfg = Debug|iPhoneSimulator
		{20321AF0-0042-4D3A-B8DE-4B619CAF542A}.Debug|Any CPU.Build.0 = Debug|iPhoneSimulator
		{20321AF0-0042-4D3A-B8DE-4B619CAF542A}.Release|Any CPU.ActiveCfg = Release|iPhoneSimulator
		{20321AF0-0042-4D3A-B8DE-4B619CAF542A}.Release|Any CPU.Build.0 = Release|iPhoneSimulator
		{20321AF0-0042-4D3A-B8DE-4B619CAF542A}.Debug|iPhoneSimulator.ActiveCfg = Debug|iPhoneSimulator
		{20321AF0-0042-4D3A-B8DE-4B619CAF542A}.Debug|iPhoneSimulator.Build.0 = Debug|iPhoneSimulator
		{20321AF0-0042-4D3A-B8DE-4B619CAF542A}.Release|iPhoneSimulator.ActiveCfg = Release|iPhoneSimulator
		{20321AF0-0042-4D3A-B8DE-4B619CAF542A}.Release|iPhoneSimulator.Build.0 = Release|iPhoneSimulator
		{20321AF0-0042-4D3A-B8DE-4B619CAF542A}.Debug|iPhone.ActiveCfg = Debug|iPhone
		{20321AF0-0042-4D3A-B8DE-4B619CAF542A}.Debug|iPhone.Build.0 = Debug|iPhone
		{20321AF0-0042-4D3A-B8DE-4B619CAF542A}.Release|iPhone.ActiveCfg = Release|iPhone
		{20321AF0-0042-4D3A-B8DE-4B619CAF542A}.Release|iPhone.Build.0 = Release|iPhone
		{28929B01-8BAB-45E4-89E5-3B6A701F6A7D}.Debug|Any CPU.ActiveCfg = Debug|Any CPU
		{28929B01-8BAB-45E4-89E5-3B6A701F6A7D}.Debug|Any CPU.Build.0 = Debug|Any CPU
		{28929B01-8BAB-45E4-89E5-3B6A701F6A7D}.Release|Any CPU.ActiveCfg = Release|Any CPU
		{28929B01-8BAB-45E4-89E5-3B6A701F6A7D}.Release|Any CPU.Build.0 = Release|Any CPU
		{28929B01-8BAB-45E4-89E5-3B6A701F6A7D}.Debug|iPhoneSimulator.ActiveCfg = Debug|Any CPU
		{28929B01-8BAB-45E4-89E5-3B6A701F6A7D}.Debug|iPhoneSimulator.Build.0 = Debug|Any CPU
		{28929B01-8BAB-45E4-89E5-3B6A701F6A7D}.Release|iPhoneSimulator.ActiveCfg = Release|Any CPU
		{28929B01-8BAB-45E4-89E5-3B6A701F6A7D}.Release|iPhoneSimulator.Build.0 = Release|Any CPU
		{28929B01-8BAB-45E4-89E5-3B6A701F6A7D}.Debug|iPhone.ActiveCfg = Debug|Any CPU
		{28929B01-8BAB-45E4-89E5-3B6A701F6A7D}.Debug|iPhone.Build.0 = Debug|Any CPU
		{28929B01-8BAB-45E4-89E5-3B6A701F6A7D}.Release|iPhone.ActiveCfg = Release|Any CPU
		{28929B01-8BAB-45E4-89E5-3B6A701F6A7D}.Release|iPhone.Build.0 = Release|Any CPU
	EndGlobalSection
EndGlobal
